# This file is automatically @generated by Cargo.
# It is not intended for manual editing.
version = 4

[[package]]
name = "fast-react-core"
version = "0.0.0"

[[package]]
name = "fast-react-host-config"
version = "0.0.0"
dependencies = [
 "fast-react-core",
]

[[package]]
name = "fast-react-napi"
version = "0.0.0"
dependencies = [
 "fast-react-reconciler",
 "fast-react-test-renderer",
]

[[package]]
name = "fast-react-reconciler"
version = "0.0.0"
dependencies = [
 "fast-react-core",
 "fast-react-host-config",
]

[[package]]
name = "fast-react-test-renderer"
version = "0.0.0"
dependencies = [
 "fast-react-host-config",
 "fast-react-reconciler",
]
